
Microsoft Visual Studio Solution File, Format Version 12.00
# Visual Studio Version 16
VisualStudioVersion = 16.0.31205.134
MinimumVisualStudioVersion = 10.0.40219.1
Project("{FAE04EC0-301F-11D3-BF4B-00C04F79EFBC}") = "HelpDesk01", "HelpDesk01\HelpDesk01.csproj", "{9051DB7E-85F7-4982-95EE-511C07C1D1EB}"
EndProject
Global
	GlobalSection(SolutionConfigurationPlatforms) = preSolution
		Debug|Any CPU = Debug|Any CPU
		Release|Any CPU = Release|Any CPU
	EndGlobalSection
	GlobalSection(ProjectConfigurationPlatforms) = postSolution
		{9051DB7E-85F7-4982-95EE-511C07C1D1EB}.Debug|Any CPU.ActiveCfg = Debug|Any CPU
		{9051DB7E-85F7-4982-95EE-511C07C1D1EB}.Debug|Any CPU.Build.0 = Debug|Any CPU
		{9051DB7E-85F7-4982-95EE-511C07C1D1EB}.Release|Any CPU.ActiveCfg = Release|Any CPU
		{9051DB7E-85F7-4982-95EE-511C07C1D1EB}.Release|Any CPU.Build.0 = Release|Any CPU
	EndGlobalSection
	GlobalSection(SolutionProperties) = preSolution
		HideSolutionNode = FALSE
	EndGlobalSection
	GlobalSection(ExtensibilityGlobals) = postSolution
		SolutionGuid = {FAEB47F6-724B-4DB9-A4CF-38E870FF599B}
	EndGlobalSection
EndGlobal
